<?xml version="1.0" encoding="utf-8"?>
<Project ToolsVersion="4.0" xmlns="http://schemas.microsoft.com/developer/msbuild/2003">
  <ItemGroup>
    <Filter Include="Resource Files">
      <UniqueIdentifier>{67DA6AB6-F800-4c08-8B7A-83BB121AAD01}</UniqueIdentifier>
      <Extensions>rc;ico;cur;bmp;dlg;rc2;rct;bin;rgs;gif;jpg;jpeg;jpe;resx;tiff;tif;png;wav;mfcribbon-ms</Extensions>
    </Filter>
    <Filter Include="Header">
      <UniqueIdentifier>{f47baea0-187c-496b-b374-ea5ceb0e6665}</UniqueIdentifier>
    </Filter>
    <Filter Include="Header\Components">
      <UniqueIdentifier>{39dbf92f-2467-40ec-bc96-c45e2db48c37}</UniqueIdentifier>
    </Filter>
    <Filter Include="Header\Entities">
      <UniqueIdentifier>{0f5d4016-1c0d-4ad5-8f1a-46af52595e13}</UniqueIdentifier>
    </Filter>
    <Filter Include="Header\FileIO">
      <UniqueIdentifier>{b8abe487-bb3c-4873-91be-68e796720be8}</UniqueIdentifier>
    </Filter>
    <Filter Include="Header\Level">
      <UniqueIdentifier>{23bcdbb0-ffcf-444e-bcc0-9247fde62a93}</UniqueIdentifier>
    </Filter>
    <Filter Include="Header\Arrow">
      <UniqueIdentifier>{9ecb3e67-1b88-4ee0-b49e-7bdd81583506}</UniqueIdentifier>
    </Filter>
    <Filter Include="Header\Shader">
      <UniqueIdentifier>{6bceb00b-29ce-495d-b578-6fbbeb62999f}</UniqueIdentifier>
    </Filter>
    <Filter Include="Header\Time">
      <UniqueIdentifier>{6877f2b1-f204-4af0-ace6-97b6329be1d3}</UniqueIdentifier>
    </Filter>
    <Filter Include="Source">
      <UniqueIdentifier>{fc271c32-418a-4133-aa1d-451e1642d548}</UniqueIdentifier>
    </Filter>
    <Filter Include="Source\Components">
      <UniqueIdentifier>{ece91ff5-6c5b-4b16-93fc-4468b3526f3c}</UniqueIdentifier>
    </Filter>
    <Filter Include="Source\Entities">
      <UniqueIdentifier>{d140506f-dfee-4053-9317-9fab100d9357}</UniqueIdentifier>
    </Filter>
    <Filter Include="Source\FileIO">
      <UniqueIdentifier>{5c968d4b-8e5c-493d-bc12-a1f3545b0dee}</UniqueIdentifier>
    </Filter>
    <Filter Include="Source\Level">
      <UniqueIdentifier>{01b2fff8-727e-49b9-842b-67feb93f30d1}</UniqueIdentifier>
    </Filter>
    <Filter Include="Source\Main">
      <UniqueIdentifier>{22ce5acc-b509-46fa-8542-c781908761eb}</UniqueIdentifier>
    </Filter>
    <Filter Include="Source\Arrow">
      <UniqueIdentifier>{2fac1b15-68e4-4bda-b72b-d111dadbdd2b}</UniqueIdentifier>
    </Filter>
    <Filter Include="Source\Shader">
      <UniqueIdentifier>{3e6b092c-62eb-400a-918a-15966dde5f66}</UniqueIdentifier>
    </Filter>
    <Filter Include="Source\Time">
      <UniqueIdentifier>{23aba44a-fcf2-4e4a-8785-53fb7ab67616}</UniqueIdentifier>
    </Filter>
  </ItemGroup>
  <ItemGroup>
    <ClCompile Include="shader.cpp">
      <Filter>Source\Shader</Filter>
    </ClCompile>
    <ClCompile Include="arrow.cpp">
      <Filter>Source\Arrow</Filter>
    </ClCompile>
    <ClCompile Include="physics.cpp">
      <Filter>Source\Components</Filter>
    </ClCompile>
    <ClCompile Include="shape.cpp">
      <Filter>Source\Components</Filter>
    </ClCompile>
    <ClCompile Include="ball.cpp">
      <Filter>Source\Entities</Filter>
    </ClCompile>
    <ClCompile Include="tile.cpp">
      <Filter>Source\Entities</Filter>
    </ClCompile>
    <ClCompile Include="border.cpp">
      <Filter>Source\Entities</Filter>
    </ClCompile>
    <ClCompile Include="cup.cpp">
      <Filter>Source\Entities</Filter>
    </ClCompile>
    <ClCompile Include="tee.cpp">
      <Filter>Source\Entities</Filter>
    </ClCompile>
    <ClCompile Include="fileiocontroller.cpp">
      <Filter>Source\FileIO</Filter>
    </ClCompile>
    <ClCompile Include="processedinputline.cpp">
      <Filter>Source\FileIO</Filter>
    </ClCompile>
    <ClCompile Include="Tokenizer.cpp">
      <Filter>Source\FileIO</Filter>
    </ClCompile>
    <ClCompile Include="level_refactor.cpp">
      <Filter>Source\Level</Filter>
    </ClCompile>
    <ClCompile Include="levelcontroller.cpp">
      <Filter>Source\Level</Filter>
    </ClCompile>
    <ClCompile Include="main.cpp">
      <Filter>Source\Main</Filter>
    </ClCompile>
    <ClCompile Include="time.cpp">
      <Filter>Source\Time</Filter>
    </ClCompile>
  </ItemGroup>
  <ItemGroup>
    <ClInclude Include="shader.h">
      <Filter>Header\Shader</Filter>
    </ClInclude>
    <ClInclude Include="arrow.h">
      <Filter>Header\Arrow</Filter>
    </ClInclude>
    <ClInclude Include="physics.h">
      <Filter>Header\Components</Filter>
    </ClInclude>
    <ClInclude Include="shape.h">
      <Filter>Header\Components</Filter>
    </ClInclude>
    <ClInclude Include="ball.h">
      <Filter>Header\Entities</Filter>
    </ClInclude>
    <ClInclude Include="tile.h">
      <Filter>Header\Entities</Filter>
    </ClInclude>
    <ClInclude Include="border.h">
      <Filter>Header\Entities</Filter>
    </ClInclude>
    <ClInclude Include="cup.h">
      <Filter>Header\Entities</Filter>
    </ClInclude>
    <ClInclude Include="tee.h">
      <Filter>Header\Entities</Filter>
    </ClInclude>
    <ClInclude Include="fileiocontroller.h">
      <Filter>Header\FileIO</Filter>
    </ClInclude>
    <ClInclude Include="processedinputline.h">
      <Filter>Header\FileIO</Filter>
    </ClInclude>
    <ClInclude Include="Tokenizer.h">
      <Filter>Header\FileIO</Filter>
    </ClInclude>
    <ClInclude Include="level_refactor.h">
      <Filter>Header\Level</Filter>
    </ClInclude>
    <ClInclude Include="levelcontroller.h">
      <Filter>Header\Level</Filter>
    </ClInclude>
    <ClInclude Include="time.h">
      <Filter>Header\Time</Filter>
    </ClInclude>
  </ItemGroup>
  <ItemGroup>
    <None Include="hole.00.db">
      <Filter>Resource Files</Filter>
    </None>
    <None Include="hole.01.db">
      <Filter>Resource Files</Filter>
    </None>
    <None Include="hole.02.db">
      <Filter>Resource Files</Filter>
    </None>
    <None Include="shaders\light.frag">
      <Filter>Resource Files</Filter>
    </None>
    <None Include="shaders\light.vert">
      <Filter>Resource Files</Filter>
    </None>
    <None Include="course.db">
      <Filter>Resource Files</Filter>
    </None>
  </ItemGroup>
</Project>